{
  "name": "testes-automatizados-com-jest_2",
  "version": "1.0.0",
  "lockfileVersion": 1,
  "requires": true,
  "dependencies": {
    "just": {
      "version": "0.1.8",
      "resolved": "https://registry.npmjs.org/just/-/just-0.1.8.tgz",
      "integrity": "sha1-60VkuZIVfAFKVLzfMi7En9Alg/E=",
      "dev": true
    }
  }
}
